
Microsoft Visual Studio Solution File, Format Version 12.00
# Visual Studio Version 17
VisualStudioVersion = 17.14.36804.6 d17.14
MinimumVisualStudioVersion = 10.0.40219.1
Project("{FAE04EC0-301F-11D3-BF4B-00C04F79EFBC}") = "Calander2026", "Calander2026\Calander2026.csproj", "{D0252720-B22C-4779-A747-FC9A1CB3B822}"
EndProject
Global
	GlobalSection(SolutionConfigurationPlatforms) = preSolution
		Debug|Any CPU = Debug|Any CPU
		Release|Any CPU = Release|Any CPU
	EndGlobalSection
	GlobalSection(ProjectConfigurationPlatforms) = postSolution
		{D0252720-B22C-4779-A747-FC9A1CB3B822}.Debug|Any CPU.ActiveCfg = Debug|Any CPU
		{D0252720-B22C-4779-A747-FC9A1CB3B822}.Debug|Any CPU.Build.0 = Debug|Any CPU
		{D0252720-B22C-4779-A747-FC9A1CB3B822}.Release|Any CPU.ActiveCfg = Release|Any CPU
		{D0252720-B22C-4779-A747-FC9A1CB3B822}.Release|Any CPU.Build.0 = Release|Any CPU
	EndGlobalSection
	GlobalSection(SolutionProperties) = preSolution
		HideSolutionNode = FALSE
	EndGlobalSection
	GlobalSection(ExtensibilityGlobals) = postSolution
		SolutionGuid = {36905745-FB08-4678-9C73-891A967F52E8}
	EndGlobalSection
EndGlobal
